
Microsoft Visual Studio Solution File, Format Version 12.00
# Visual Studio Version 17
VisualStudioVersion = 17.2.32630.192
MinimumVisualStudioVersion = 10.0.40219.1
Project("{9A19103F-16F7-4668-BE54-9A1E7A4F7556}") = "Bussines", "Bussines\Bussines.csproj", "{9721188A-CE40-4BCB-819C-D8E300709D43}"
EndProject
Project("{9A19103F-16F7-4668-BE54-9A1E7A4F7556}") = "DataAccess", "DataAccess\DataAccess.csproj", "{F1239141-C94E-4B31-A59C-B19375F4C3DD}"
EndProject
Project("{9A19103F-16F7-4668-BE54-9A1E7A4F7556}") = "UIWeb", "UIWeb\UIWeb.csproj", "{DDCD8185-1E35-4813-B2A2-8C17EB33A310}"
EndProject
Project("{FAE04EC0-301F-11D3-BF4B-00C04F79EFBC}") = "Core", "Core\Core.csproj", "{46421EF2-7402-42BB-9AF9-8D12F558FA64}"
EndProject
Global
	GlobalSection(SolutionConfigurationPlatforms) = preSolution
		Debug|Any CPU = Debug|Any CPU
		Release|Any CPU = Release|Any CPU
	EndGlobalSection
	GlobalSection(ProjectConfigurationPlatforms) = postSolution
		{9721188A-CE40-4BCB-819C-D8E300709D43}.Debug|Any CPU.ActiveCfg = Debug|Any CPU
		{9721188A-CE40-4BCB-819C-D8E300709D43}.Debug|Any CPU.Build.0 = Debug|Any CPU
		{9721188A-CE40-4BCB-819C-D8E300709D43}.Release|Any CPU.ActiveCfg = Release|Any CPU
		{9721188A-CE40-4BCB-819C-D8E300709D43}.Release|Any CPU.Build.0 = Release|Any CPU
		{F1239141-C94E-4B31-A59C-B19375F4C3DD}.Debug|Any CPU.ActiveCfg = Debug|Any CPU
		{F1239141-C94E-4B31-A59C-B19375F4C3DD}.Debug|Any CPU.Build.0 = Debug|Any CPU
		{F1239141-C94E-4B31-A59C-B19375F4C3DD}.Release|Any CPU.ActiveCfg = Release|Any CPU
		{F1239141-C94E-4B31-A59C-B19375F4C3DD}.Release|Any CPU.Build.0 = Release|Any CPU
		{DDCD8185-1E35-4813-B2A2-8C17EB33A310}.Debug|Any CPU.ActiveCfg = Debug|Any CPU
		{DDCD8185-1E35-4813-B2A2-8C17EB33A310}.Debug|Any CPU.Build.0 = Debug|Any CPU
		{DDCD8185-1E35-4813-B2A2-8C17EB33A310}.Release|Any CPU.ActiveCfg = Release|Any CPU
		{DDCD8185-1E35-4813-B2A2-8C17EB33A310}.Release|Any CPU.Build.0 = Release|Any CPU
		{46421EF2-7402-42BB-9AF9-8D12F558FA64}.Debug|Any CPU.ActiveCfg = Debug|Any CPU
		{46421EF2-7402-42BB-9AF9-8D12F558FA64}.Debug|Any CPU.Build.0 = Debug|Any CPU
		{46421EF2-7402-42BB-9AF9-8D12F558FA64}.Release|Any CPU.ActiveCfg = Release|Any CPU
		{46421EF2-7402-42BB-9AF9-8D12F558FA64}.Release|Any CPU.Build.0 = Release|Any CPU
	EndGlobalSection
	GlobalSection(SolutionProperties) = preSolution
		HideSolutionNode = FALSE
	EndGlobalSection
	GlobalSection(ExtensibilityGlobals) = postSolution
		SolutionGuid = {080B0C40-D5A6-47DB-B3BD-CD4B87C3793C}
	EndGlobalSection
EndGlobal
